
Microsoft Visual Studio Solution File, Format Version 12.00
# Visual Studio Version 16
VisualStudioVersion = 16.0.30114.105
MinimumVisualStudioVersion = 10.0.40219.1
Project("{2150E333-8FDC-42A3-9474-1A3956D46DE8}") = "src", "src", "{3A70EC73-20FA-4F5A-82D4-576D83D91C5A}"
EndProject
Project("{FAE04EC0-301F-11D3-BF4B-00C04F79EFBC}") = "libanvl.Opt", "src\libanvl.Opt\libanvl.Opt.csproj", "{C8056267-326D-4E93-9BEA-29F786A2F778}"
EndProject
Project("{2150E333-8FDC-42A3-9474-1A3956D46DE8}") = "test", "test", "{5238D9AD-44D8-47F1-B7C8-02DAFF48D090}"
EndProject
Project("{FAE04EC0-301F-11D3-BF4B-00C04F79EFBC}") = "libanvl.Opt.Test", "test\libanvl.Opt.Test\libanvl.Opt.Test.csproj", "{80993F3F-7165-4655-8784-EA2BF56D0C5B}"
EndProject
Global
	GlobalSection(SolutionConfigurationPlatforms) = preSolution
		Debug|Any CPU = Debug|Any CPU
		Release|Any CPU = Release|Any CPU
	EndGlobalSection
	GlobalSection(SolutionProperties) = preSolution
		HideSolutionNode = FALSE
	EndGlobalSection
	GlobalSection(ProjectConfigurationPlatforms) = postSolution
		{C8056267-326D-4E93-9BEA-29F786A2F778}.Debug|Any CPU.ActiveCfg = Debug|Any CPU
		{C8056267-326D-4E93-9BEA-29F786A2F778}.Debug|Any CPU.Build.0 = Debug|Any CPU
		{C8056267-326D-4E93-9BEA-29F786A2F778}.Release|Any CPU.ActiveCfg = Release|Any CPU
		{C8056267-326D-4E93-9BEA-29F786A2F778}.Release|Any CPU.Build.0 = Release|Any CPU
		{80993F3F-7165-4655-8784-EA2BF56D0C5B}.Debug|Any CPU.ActiveCfg = Debug|Any CPU
		{80993F3F-7165-4655-8784-EA2BF56D0C5B}.Debug|Any CPU.Build.0 = Debug|Any CPU
		{80993F3F-7165-4655-8784-EA2BF56D0C5B}.Release|Any CPU.ActiveCfg = Release|Any CPU
		{80993F3F-7165-4655-8784-EA2BF56D0C5B}.Release|Any CPU.Build.0 = Release|Any CPU
	EndGlobalSection
	GlobalSection(NestedProjects) = preSolution
		{C8056267-326D-4E93-9BEA-29F786A2F778} = {3A70EC73-20FA-4F5A-82D4-576D83D91C5A}
		{80993F3F-7165-4655-8784-EA2BF56D0C5B} = {5238D9AD-44D8-47F1-B7C8-02DAFF48D090}
	EndGlobalSection
EndGlobal
