Microsoft Visual Studio Solution File, Format Version 12.00
# Visual Studio Version 17
VisualStudioVersion = 17.5.2.0
MinimumVisualStudioVersion = 10.0.40219.1
Project("{2150E333-8FDC-42A3-9474-1A3956D46DE8}") = "src", "src", "{827E0CD3-B72D-47B6-A68D-7590B98EB39B}"
EndProject
Project("{2150E333-8FDC-42A3-9474-1A3956D46DE8}") = "test", "test", "{0C88DD14-F956-CE84-757C-A364CCF449FC}"
EndProject
Project("{FAE04EC0-301F-11D3-BF4B-00C04F79EFBC}") = "LibAnvl.Placeholder", "src\LibAnvl.Placeholder\LibAnvl.Placeholder.csproj", "{822E2DB2-B3C0-B8A8-5D9F-A2FBD3C124D9}"
EndProject
Project("{FAE04EC0-301F-11D3-BF4B-00C04F79EFBC}") = "LibAnvl.Placeholder.Tests", "test\LibAnvl.Placeholder.Tests\LibAnvl.Placeholder.Tests.csproj", "{73815F65-CE71-2D90-066B-B775AB754C82}"
EndProject
Global
	GlobalSection(SolutionConfigurationPlatforms) = preSolution
		Debug|Any CPU = Debug|Any CPU
		Release|Any CPU = Release|Any CPU
	EndGlobalSection
	GlobalSection(ProjectConfigurationPlatforms) = postSolution
		{822E2DB2-B3C0-B8A8-5D9F-A2FBD3C124D9}.Debug|Any CPU.ActiveCfg = Debug|Any CPU
		{822E2DB2-B3C0-B8A8-5D9F-A2FBD3C124D9}.Debug|Any CPU.Build.0 = Debug|Any CPU
		{822E2DB2-B3C0-B8A8-5D9F-A2FBD3C124D9}.Release|Any CPU.ActiveCfg = Release|Any CPU
		{822E2DB2-B3C0-B8A8-5D9F-A2FBD3C124D9}.Release|Any CPU.Build.0 = Release|Any CPU
		{73815F65-CE71-2D90-066B-B775AB754C82}.Debug|Any CPU.ActiveCfg = Debug|Any CPU
		{73815F65-CE71-2D90-066B-B775AB754C82}.Debug|Any CPU.Build.0 = Debug|Any CPU
		{73815F65-CE71-2D90-066B-B775AB754C82}.Release|Any CPU.ActiveCfg = Release|Any CPU
		{73815F65-CE71-2D90-066B-B775AB754C82}.Release|Any CPU.Build.0 = Release|Any CPU
	EndGlobalSection
	GlobalSection(SolutionProperties) = preSolution
		HideSolutionNode = FALSE
	EndGlobalSection
	GlobalSection(NestedProjects) = preSolution
		{822E2DB2-B3C0-B8A8-5D9F-A2FBD3C124D9} = {827E0CD3-B72D-47B6-A68D-7590B98EB39B}
		{73815F65-CE71-2D90-066B-B775AB754C82} = {0C88DD14-F956-CE84-757C-A364CCF449FC}
	EndGlobalSection
	GlobalSection(ExtensibilityGlobals) = postSolution
		SolutionGuid = {19B3A0F8-0DC6-4648-82DE-B2728BAB5200}
	EndGlobalSection
EndGlobal
